// !$*UTF8*$!
{
	archiveVersion = 1;
	classes = {
	};
	objectVersion = 50;
	objects = {

/* Begin PBXBuildFile section */
		67026D432168D7580027284C /* AppDelegate.swift in Sources */ = {isa = PBXBuildFile; fileRef = 67026D422168D7580027284C /* AppDelegate.swift */; };
		67026D452168D7580027284C /* ViewController.swift in Sources */ = {isa = PBXBuildFile; fileRef = 67026D442168D7580027284C /* ViewController.swift */; };
		67026D482168D7580027284C /* Main.storyboard in Resources */ = {isa = PBXBuildFile; fileRef = 67026D462168D7580027284C /* Main.storyboard */; };
		67026D4B2168D7580027284C /* PassVault.xcdatamodeld in Sources */ = {isa = PBXBuildFile; fileRef = 67026D492168D7580027284C /* PassVault.xcdatamodeld */; };
		67026D4D2168D75A0027284C /* Assets.xcassets in Resources */ = {isa = PBXBuildFile; fileRef = 67026D4C2168D75A0027284C /* Assets.xcassets */; };
		67026D502168D75A0027284C /* LaunchScreen.storyboard in Resources */ = {isa = PBXBuildFile; fileRef = 67026D4E2168D75A0027284C /* LaunchScreen.storyboard */; };
		67026D5B2168E0610027284C /* MailVaultController.swift in Sources */ = {isa = PBXBuildFile; fileRef = 67026D5A2168E0610027284C /* MailVaultController.swift */; };
		67026D5D2168EF6E0027284C /* UserAccountsController.swift in Sources */ = {isa = PBXBuildFile; fileRef = 67026D5C2168EF6E0027284C /* UserAccountsController.swift */; };
		67026D5F2168EFF70027284C /* OthersController.swift in Sources */ = {isa = PBXBuildFile; fileRef = 67026D5E2168EFF70027284C /* OthersController.swift */; };
		67026D6621691B690027284C /* CustomCell.swift in Sources */ = {isa = PBXBuildFile; fileRef = 67026D6421691B690027284C /* CustomCell.swift */; };
		67026D6721691B690027284C /* CustomCell.xib in Resources */ = {isa = PBXBuildFile; fileRef = 67026D6521691B690027284C /* CustomCell.xib */; };
		679F13162170F00100DFAC9C /* DataModelController.swift in Sources */ = {isa = PBXBuildFile; fileRef = 679F13152170F00100DFAC9C /* DataModelController.swift */; };
		67F4CAC7217772BF00A34AB5 /* CustomDescCell.swift in Sources */ = {isa = PBXBuildFile; fileRef = 67F4CAC5217772BF00A34AB5 /* CustomDescCell.swift */; };
		67F4CAC8217772BF00A34AB5 /* CustomDescCell.xib in Resources */ = {isa = PBXBuildFile; fileRef = 67F4CAC6217772BF00A34AB5 /* CustomDescCell.xib */; };
/* End PBXBuildFile section */

/* Begin PBXFileReference section */
		67026D3F2168D7570027284C /* PassVault.app */ = {isa = PBXFileReference; explicitFileType = wrapper.application; includeInIndex = 0; path = PassVault.app; sourceTree = BUILT_PRODUCTS_DIR; };
		67026D422168D7580027284C /* AppDelegate.swift */ = {isa = PBXFileReference; lastKnownFileType = sourcecode.swift; path = AppDelegate.swift; sourceTree = "<group>"; };
		67026D442168D7580027284C /* ViewController.swift */ = {isa = PBXFileReference; lastKnownFileType = sourcecode.swift; path = ViewController.swift; sourceTree = "<group>"; };
		67026D472168D7580027284C /* Base */ = {isa = PBXFileReference; lastKnownFileType = file.storyboard; name = Base; path = Base.lproj/Main.storyboard; sourceTree = "<group>"; };
		67026D4A2168D7580027284C /* PassVault.xcdatamodel */ = {isa = PBXFileReference; lastKnownFileType = wrapper.xcdatamodel; path = PassVault.xcdatamodel; sourceTree = "<group>"; };
		67026D4C2168D75A0027284C /* Assets.xcassets */ = {isa = PBXFileReference; lastKnownFileType = folder.assetcatalog; path = Assets.xcassets; sourceTree = "<group>"; };
		67026D4F2168D75A0027284C /* Base */ = {isa = PBXFileReference; lastKnownFileType = file.storyboard; name = Base; path = Base.lproj/LaunchScreen.storyboard; sourceTree = "<group>"; };
		67026D512168D75A0027284C /* Info.plist */ = {isa = PBXFileReference; lastKnownFileType = text.plist.xml; path = Info.plist; sourceTree = "<group>"; };
		67026D5A2168E0610027284C /* MailVaultController.swift */ = {isa = PBXFileReference; lastKnownFileType = sourcecode.swift; path = MailVaultController.swift; sourceTree = "<group>"; };
		67026D5C2168EF6E0027284C /* UserAccountsController.swift */ = {isa = PBXFileReference; lastKnownFileType = sourcecode.swift; path = UserAccountsController.swift; sourceTree = "<group>"; };
		67026D5E2168EFF70027284C /* OthersController.swift */ = {isa = PBXFileReference; lastKnownFileType = sourcecode.swift; path = OthersController.swift; sourceTree = "<group>"; };
		67026D6421691B690027284C /* CustomCell.swift */ = {isa = PBXFileReference; lastKnownFileType = sourcecode.swift; path = CustomCell.swift; sourceTree = "<group>"; };
		67026D6521691B690027284C /* CustomCell.xib */ = {isa = PBXFileReference; lastKnownFileType = file.xib; path = CustomCell.xib; sourceTree = "<group>"; };
		679F13152170F00100DFAC9C /* DataModelController.swift */ = {isa = PBXFileReference; lastKnownFileType = sourcecode.swift; path = DataModelController.swift; sourceTree = "<group>"; };
		67F4CAC5217772BF00A34AB5 /* CustomDescCell.swift */ = {isa = PBXFileReference; lastKnownFileType = sourcecode.swift; path = CustomDescCell.swift; sourceTree = "<group>"; };
		67F4CAC6217772BF00A34AB5 /* CustomDescCell.xib */ = {isa = PBXFileReference; lastKnownFileType = file.xib; path = CustomDescCell.xib; sourceTree = "<group>"; };
/* End PBXFileReference section */

/* Begin PBXFrameworksBuildPhase section */
		67026D3C2168D7570027284C /* Frameworks */ = {
			isa = PBXFrameworksBuildPhase;
			buildActionMask = 2147483647;
			files = (
			);
			runOnlyForDeploymentPostprocessing = 0;
		};
/* End PBXFrameworksBuildPhase section */

/* Begin PBXGroup section */
		67026D362168D7570027284C = {
			isa = PBXGroup;
			children = (
				67026D412168D7570027284C /* PassVault */,
				67026D402168D7570027284C /* Products */,
			);
			sourceTree = "<group>";
		};
		67026D402168D7570027284C /* Products */ = {
			isa = PBXGroup;
			children = (
				67026D3F2168D7570027284C /* PassVault.app */,
			);
			name = Products;
			sourceTree = "<group>";
		};
		67026D412168D7570027284C /* PassVault */ = {
			isa = PBXGroup;
			children = (
				67026D422168D7580027284C /* AppDelegate.swift */,
				67026D6821691B760027284C /* CustomCells */,
				67026D582168D7BA0027284C /* Data Models */,
				67026D592168D7C90027284C /*  Views */,
				67026D572168D7AE0027284C /* Controller */,
				67026D4C2168D75A0027284C /* Assets.xcassets */,
				67026D4E2168D75A0027284C /* LaunchScreen.storyboard */,
				67026D512168D75A0027284C /* Info.plist */,
			);
			path = PassVault;
			sourceTree = "<group>";
		};
		67026D572168D7AE0027284C /* Controller */ = {
			isa = PBXGroup;
			children = (
				67026D442168D7580027284C /* ViewController.swift */,
				67026D5A2168E0610027284C /* MailVaultController.swift */,
				67026D5C2168EF6E0027284C /* UserAccountsController.swift */,
				67026D5E2168EFF70027284C /* OthersController.swift */,
				679F13152170F00100DFAC9C /* DataModelController.swift */,
			);
			path = Controller;
			sourceTree = "<group>";
		};
		67026D582168D7BA0027284C /* Data Models */ = {
			isa = PBXGroup;
			children = (
				67026D492168D7580027284C /* PassVault.xcdatamodeld */,
			);
			path = "Data Models";
			sourceTree = "<group>";
		};
		67026D592168D7C90027284C /*  Views */ = {
			isa = PBXGroup;
			children = (
				67026D462168D7580027284C /* Main.storyboard */,
			);
			path = " Views";
			sourceTree = "<group>";
		};
		67026D6821691B760027284C /* CustomCells */ = {
			isa = PBXGroup;
			children = (
				67026D6421691B690027284C /* CustomCell.swift */,
				67026D6521691B690027284C /* CustomCell.xib */,
				67F4CAC5217772BF00A34AB5 /* CustomDescCell.swift */,
				67F4CAC6217772BF00A34AB5 /* CustomDescCell.xib */,
			);
			path = CustomCells;
			sourceTree = "<group>";
		};
/* End PBXGroup section */

/* Begin PBXNativeTarget section */
		67026D3E2168D7570027284C /* PassVault */ = {
			isa = PBXNativeTarget;
			buildConfigurationList = 67026D542168D75A0027284C /* Build configuration list for PBXNativeTarget "PassVault" */;
			buildPhases = (
				67026D3B2168D7570027284C /* Sources */,
				67026D3C2168D7570027284C /* Frameworks */,
				67026D3D2168D7570027284C /* Resources */,
			);
			buildRules = (
			);
			dependencies = (
			);
			name = PassVault;
			productName = PassVault;
			productReference = 67026D3F2168D7570027284C /* PassVault.app */;
			productType = "com.apple.product-type.application";
		};
/* End PBXNativeTarget section */

/* Begin PBXProject section */
		67026D372168D7570027284C /* Project object */ = {
			isa = PBXProject;
			attributes = {
				LastSwiftUpdateCheck = 1000;
				LastUpgradeCheck = 1000;
				ORGANIZATIONNAME = MrNtlu;
				TargetAttributes = {
					67026D3E2168D7570027284C = {
						CreatedOnToolsVersion = 10.0;
					};
				};
			};
			buildConfigurationList = 67026D3A2168D7570027284C /* Build configuration list for PBXProject "PassVault" */;
			compatibilityVersion = "Xcode 9.3";
			developmentRegion = en;
			hasScannedForEncodings = 0;
			knownRegions = (
				en,
				Base,
			);
			mainGroup = 67026D362168D7570027284C;
			productRefGroup = 67026D402168D7570027284C /* Products */;
			projectDirPath = "";
			projectRoot = "";
			targets = (
				67026D3E2168D7570027284C /* PassVault */,
			);
		};
/* End PBXProject section */

/* Begin PBXResourcesBuildPhase section */
		67026D3D2168D7570027284C /* Resources */ = {
			isa = PBXResourcesBuildPhase;
			buildActionMask = 2147483647;
			files = (
				67026D502168D75A0027284C /* LaunchScreen.storyboard in Resources */,
				67026D4D2168D75A0027284C /* Assets.xcassets in Resources */,
				67026D6721691B690027284C /* CustomCell.xib in Resources */,
				67F4CAC8217772BF00A34AB5 /* CustomDescCell.xib in Resources */,
				67026D482168D7580027284C /* Main.storyboard in Resources */,
			);
			runOnlyForDeploymentPostprocessing = 0;
		};
/* End PBXResourcesBuildPhase section */

/* Begin PBXSourcesBuildPhase section */
		67026D3B2168D7570027284C /* Sources */ = {
			isa = PBXSourcesBuildPhase;
			buildActionMask = 2147483647;
			files = (
				67026D5F2168EFF70027284C /* OthersController.swift in Sources */,
				67026D452168D7580027284C /* ViewController.swift in Sources */,
				67026D5D2168EF6E0027284C /* UserAccountsController.swift in Sources */,
				67026D4B2168D7580027284C /* PassVault.xcdatamodeld in Sources */,
				67026D432168D7580027284C /* AppDelegate.swift in Sources */,
				679F13162170F00100DFAC9C /* DataModelController.swift in Sources */,
				67F4CAC7217772BF00A34AB5 /* CustomDescCell.swift in Sources */,
				67026D6621691B690027284C /* CustomCell.swift in Sources */,
				67026D5B2168E0610027284C /* MailVaultController.swift in Sources */,
			);
			runOnlyForDeploymentPostprocessing = 0;
		};
/* End PBXSourcesBuildPhase section */

/* Begin PBXVariantGroup section */
		67026D462168D7580027284C /* Main.storyboard */ = {
			isa = PBXVariantGroup;
			children = (
				67026D472168D7580027284C /* Base */,
			);
			name = Main.storyboard;
			sourceTree = "<group>";
		};
		67026D4E2168D75A0027284C /* LaunchScreen.storyboard */ = {
			isa = PBXVariantGroup;
			children = (
				67026D4F2168D75A0027284C /* Base */,
			);
			name = LaunchScreen.storyboard;
			sourceTree = "<group>";
		};
/* End PBXVariantGroup section */

/* Begin XCBuildConfiguration section */
		67026D522168D75A0027284C /* Debug */ = {
			isa = XCBuildConfiguration;
			buildSettings = {
				ALWAYS_SEARCH_USER_PATHS = NO;
				CLANG_ANALYZER_NONNULL = YES;
				CLANG_ANALYZER_NUMBER_OBJECT_CONVERSION = YES_AGGRESSIVE;
				CLANG_CXX_LANGUAGE_STANDARD = "gnu++14";
				CLANG_CXX_LIBRARY = "libc++";
				CLANG_ENABLE_MODULES = YES;
				CLANG_ENABLE_OBJC_ARC = YES;
				CLANG_ENABLE_OBJC_WEAK = YES;
				CLANG_WARN_BLOCK_CAPTURE_AUTORELEASING = YES;
				CLANG_WARN_BOOL_CONVERSION = YES;
				CLANG_WARN_COMMA = YES;
				CLANG_WARN_CONSTANT_CONVERSION = YES;
				CLANG_WARN_DEPRECATED_OBJC_IMPLEMENTATIONS = YES;
				CLANG_WARN_DIRECT_OBJC_ISA_USAGE = YES_ERROR;
				CLANG_WARN_DOCUMENTATION_COMMENTS = YES;
				CLANG_WARN_EMPTY_BODY = YES;
				CLANG_WARN_ENUM_CONVERSION = YES;
				CLANG_WARN_INFINITE_RECURSION = YES;
				CLANG_WARN_INT_CONVERSION = YES;
				CLANG_WARN_NON_LITERAL_NULL_CONVERSION = YES;
				CLANG_WARN_OBJC_IMPLICIT_RETAIN_SELF = YES;
				CLANG_WARN_OBJC_LITERAL_CONVERSION = YES;
				CLANG_WARN_OBJC_ROOT_CLASS = YES_ERROR;
				CLANG_WARN_RANGE_LOOP_ANALYSIS = YES;
				CLANG_WARN_STRICT_PROTOTYPES = YES;
				CLANG_WARN_SUSPICIOUS_MOVE = YES;
				CLANG_WARN_UNGUARDED_AVAILABILITY = YES_AGGRESSIVE;
				CLANG_WARN_UNREACHABLE_CODE = YES;
				CLANG_WARN__DUPLICATE_METHOD_MATCH = YES;
				CODE_SIGN_IDENTITY = "iPhone Developer";
				COPY_PHASE_STRIP = NO;
				DEBUG_INFORMATION_FORMAT = dwarf;
				ENABLE_STRICT_OBJC_MSGSEND = YES;
				ENABLE_TESTABILITY = YES;
				GCC_C_LANGUAGE_STANDARD = gnu11;
				GCC_DYNAMIC_NO_PIC = NO;
				GCC_NO_COMMON_BLOCKS = YES;
				GCC_OPTIMIZATION_LEVEL = 0;
				GCC_PREPROCESSOR_DEFINITIONS = (
					"DEBUG=1",
					"$(inherited)",
				);
				GCC_WARN_64_TO_32_BIT_CONVERSION = YES;
				GCC_WARN_ABOUT_RETURN_TYPE = YES_ERROR;
				GCC_WARN_UNDECLARED_SELECTOR = YES;
				GCC_WARN_UNINITIALIZED_AUTOS = YES_AGGRESSIVE;
				GCC_WARN_UNUSED_FUNCTION = YES;
				GCC_WARN_UNUSED_VARIABLE = YES;
				IPHONEOS_DEPLOYMENT_TARGET = 12.0;
				MTL_ENABLE_DEBUG_INFO = INCLUDE_SOURCE;
				MTL_FAST_MATH = YES;
				ONLY_ACTIVE_ARCH = YES;
				SDKROOT = iphoneos;
				SWIFT_ACTIVE_COMPILATION_CONDITIONS = DEBUG;
				SWIFT_OPTIMIZATION_LEVEL = "-Onone";
			};
			name = Debug;
		};
		67026D532168D75A0027284C /* Release */ = {
			isa = XCBuildConfiguration;
			buildSettings = {
				ALWAYS_SEARCH_USER_PATHS = NO;
				CLANG_ANALYZER_NONNULL = YES;
				CLANG_ANALYZER_NUMBER_OBJECT_CONVERSION = YES_AGGRESSIVE;
				CLANG_CXX_LANGUAGE_STANDARD = "gnu++14";
				CLANG_CXX_LIBRARY = "libc++";
				CLANG_ENABLE_MODULES = YES;
				CLANG_ENABLE_OBJC_ARC = YES;
				CLANG_ENABLE_OBJC_WEAK = YES;
				CLANG_WARN_BLOCK_CAPTURE_AUTORELEASING = YES;
				CLANG_WARN_BOOL_CONVERSION = YES;
				CLANG_WARN_COMMA = YES;
				CLANG_WARN_CONSTANT_CONVERSION = YES;
				CLANG_WARN_DEPRECATED_OBJC_IMPLEMENTATIONS = YES;
				CLANG_WARN_DIRECT_OBJC_ISA_USAGE = YES_ERROR;
				CLANG_WARN_DOCUMENTATION_COMMENTS = YES;
				CLANG_WARN_EMPTY_BODY = YES;
				CLANG_WARN_ENUM_CONVERSION = YES;
				CLANG_WARN_INFINITE_RECURSION = YES;
				CLANG_WARN_INT_CONVERSION = YES;
				CLANG_WARN_NON_LITERAL_NULL_CONVERSION = YES;
				CLANG_WARN_OBJC_IMPLICIT_RETAIN_SELF = YES;
				CLANG_WARN_OBJC_LITERAL_CONVERSION = YES;
				CLANG_WARN_OBJC_ROOT_CLASS = YES_ERROR;
				CLANG_WARN_RANGE_LOOP_ANALYSIS = YES;
				CLANG_WARN_STRICT_PROTOTYPES = YES;
				CLANG_WARN_SUSPICIOUS_MOVE = YES;
				CLANG_WARN_UNGUARDED_AVAILABILITY = YES_AGGRESSIVE;
				CLANG_WARN_UNREACHABLE_CODE = YES;
				CLANG_WARN__DUPLICATE_METHOD_MATCH = YES;
				CODE_SIGN_IDENTITY = "iPhone Developer";
				COPY_PHASE_STRIP = NO;
				DEBUG_INFORMATION_FORMAT = "dwarf-with-dsym";
				ENABLE_NS_ASSERTIONS = NO;
				ENABLE_STRICT_OBJC_MSGSEND = YES;
				GCC_C_LANGUAGE_STANDARD = gnu11;
				GCC_NO_COMMON_BLOCKS = YES;
				GCC_WARN_64_TO_32_BIT_CONVERSION = YES;
				GCC_WARN_ABOUT_RETURN_TYPE = YES_ERROR;
				GCC_WARN_UNDECLARED_SELECTOR = YES;
				GCC_WARN_UNINITIALIZED_AUTOS = YES_AGGRESSIVE;
				GCC_WARN_UNUSED_FUNCTION = YES;
				GCC_WARN_UNUSED_VARIABLE = YES;
				IPHONEOS_DEPLOYMENT_TARGET = 12.0;
				MTL_ENABLE_DEBUG_INFO = NO;
				MTL_FAST_MATH = YES;
				SDKROOT = iphoneos;
				SWIFT_COMPILATION_MODE = wholemodule;
				SWIFT_OPTIMIZATION_LEVEL = "-O";
				VALIDATE_PRODUCT = YES;
			};
			name = Release;
		};
		67026D552168D75A0027284C /* Debug */ = {
			isa = XCBuildConfiguration;
			buildSettings = {
				ASSETCATALOG_COMPILER_APPICON_NAME = AppIcon;
				CODE_SIGN_IDENTITY = "iPhone Developer";
				CODE_SIGN_STYLE = Automatic;
				DEVELOPMENT_TEAM = "";
				INFOPLIST_FILE = PassVault/Info.plist;
				LD_RUNPATH_SEARCH_PATHS = (
					"$(inherited)",
					"@executable_path/Frameworks",
				);
				PRODUCT_BUNDLE_IDENTIFIER = com.MrNtlu.PassVault;
				PRODUCT_NAME = "$(TARGET_NAME)";
				PROVISIONING_PROFILE_SPECIFIER = "";
				SWIFT_VERSION = 4.2;
				TARGETED_DEVICE_FAMILY = "1,2";
			};
			name = Debug;
		};
		67026D562168D75A0027284C /* Release */ = {
			isa = XCBuildConfiguration;
			buildSettings = {
				ASSETCATALOG_COMPILER_APPICON_NAME = AppIcon;
				CODE_SIGN_IDENTITY = "iPhone Developer";
				CODE_SIGN_STYLE = Automatic;
				DEVELOPMENT_TEAM = "";
				INFOPLIST_FILE = PassVault/Info.plist;
				LD_RUNPATH_SEARCH_PATHS = (
					"$(inherited)",
					"@executable_path/Frameworks",
				);
				PRODUCT_BUNDLE_IDENTIFIER = com.MrNtlu.PassVault;
				PRODUCT_NAME = "$(TARGET_NAME)";
				PROVISIONING_PROFILE_SPECIFIER = "";
				SWIFT_VERSION = 4.2;
				TARGETED_DEVICE_FAMILY = "1,2";
			};
			name = Release;
		};
/* End XCBuildConfiguration section */

/* Begin XCConfigurationList section */
		67026D3A2168D7570027284C /* Build configuration list for PBXProject "PassVault" */ = {
			isa = XCConfigurationList;
			buildConfigurations = (
				67026D522168D75A0027284C /* Debug */,
				67026D532168D75A0027284C /* Release */,
			);
			defaultConfigurationIsVisible = 0;
			defaultConfigurationName = Release;
		};
		67026D542168D75A0027284C /* Build configuration list for PBXNativeTarget "PassVault" */ = {
			isa = XCConfigurationList;
			buildConfigurations = (
				67026D552168D75A0027284C /* Debug */,
				67026D562168D75A0027284C /* Release */,
			);
			defaultConfigurationIsVisible = 0;
			defaultConfigurationName = Release;
		};
/* End XCConfigurationList section */

/* Begin XCVersionGroup section */
		67026D492168D7580027284C /* PassVault.xcdatamodeld */ = {
			isa = XCVersionGroup;
			children = (
				67026D4A2168D7580027284C /* PassVault.xcdatamodel */,
			);
			currentVersion = 67026D4A2168D7580027284C /* PassVault.xcdatamodel */;
			path = PassVault.xcdatamodeld;
			sourceTree = "<group>";
			versionGroupType = wrapper.xcdatamodel;
		};
/* End XCVersionGroup section */
	};
	rootObject = 67026D372168D7570027284C /* Project object */;
}
